
Microsoft Visual Studio Solution File, Format Version 12.00
# 
Project("{FAE04EC0-301F-11D3-BF4B-00C04F79EFBC}") = "Console", "Console\Console.csproj", "{CCC2FF92-FC13-49D8-8E1F-0EAF367A8409}"
EndProject
Project("{2150E333-8FDC-42A3-9474-1A3956D46DE8}") = "Solution Items", "Solution Items", "{A94590A3-7ACC-46B1-BDBA-234C9E4FF279}"
	ProjectSection(SolutionItems) = preProject
		compose.yaml = compose.yaml
	EndProjectSection
EndProject
Project("{FAE04EC0-301F-11D3-BF4B-00C04F79EFBC}") = "Logger", "Logger\Logger.csproj", "{9B462E08-9B34-4C46-A611-7458A14BB656}"
EndProject
Project("{FAE04EC0-301F-11D3-BF4B-00C04F79EFBC}") = "Model", "Model\Model.csproj", "{30B01CA0-6AEE-485D-9E9D-8EA0B66538ED}"
EndProject
Project("{2150E333-8FDC-42A3-9474-1A3956D46DE8}") = "Test", "Test", "{BC03637D-25F2-45DF-994D-A2B98BDBBEDE}"
EndProject
Project("{FAE04EC0-301F-11D3-BF4B-00C04F79EFBC}") = "ModelTest", "Test\ModelTest\ModelTest.csproj", "{FE9500ED-538A-4684-8399-7F5A279D03D1}"
EndProject
Project("{FAE04EC0-301F-11D3-BF4B-00C04F79EFBC}") = "Shared", "Shared\Shared.csproj", "{F59EABC0-9EBC-4030-904F-C03D6D16D6DE}"
EndProject
Project("{FAE04EC0-301F-11D3-BF4B-00C04F79EFBC}") = "Application", "Application\Application.csproj", "{0B539B7E-7C60-489F-8249-C4C21A701CA2}"
EndProject
Project("{FAE04EC0-301F-11D3-BF4B-00C04F79EFBC}") = "ApplicationTest", "Test\ApplicationTest\ApplicationTest.csproj", "{0B2119C1-1CF6-4E95-AEF5-D0450BC02A26}"
EndProject
Project("{FAE04EC0-301F-11D3-BF4B-00C04F79EFBC}") = "LoggerTest", "Test\LoggerTest\LoggerTest.csproj", "{9A0E98BD-3A10-41A2-8897-DCE8A287985F}"
EndProject
Project("{FAE04EC0-301F-11D3-BF4B-00C04F79EFBC}") = "Infrastructure", "Infrastructure\Infrastructure.csproj", "{28E246D8-7DDA-4531-A9B1-B6D2241F88B0}"
EndProject
Project("{FAE04EC0-301F-11D3-BF4B-00C04F79EFBC}") = "InfrastructureTest", "Test\InfrastructureTest\InfrastructureTest.csproj", "{7C32D513-87B4-42AB-A6F3-0E2F3DD0493F}"
EndProject
Global
	GlobalSection(SolutionConfigurationPlatforms) = preSolution
		Debug|Any CPU = Debug|Any CPU
		Release|Any CPU = Release|Any CPU
	EndGlobalSection
	GlobalSection(ProjectConfigurationPlatforms) = postSolution
		{CCC2FF92-FC13-49D8-8E1F-0EAF367A8409}.Debug|Any CPU.ActiveCfg = Debug|Any CPU
		{CCC2FF92-FC13-49D8-8E1F-0EAF367A8409}.Debug|Any CPU.Build.0 = Debug|Any CPU
		{CCC2FF92-FC13-49D8-8E1F-0EAF367A8409}.Release|Any CPU.ActiveCfg = Release|Any CPU
		{CCC2FF92-FC13-49D8-8E1F-0EAF367A8409}.Release|Any CPU.Build.0 = Release|Any CPU
		{9B462E08-9B34-4C46-A611-7458A14BB656}.Debug|Any CPU.ActiveCfg = Debug|Any CPU
		{9B462E08-9B34-4C46-A611-7458A14BB656}.Debug|Any CPU.Build.0 = Debug|Any CPU
		{9B462E08-9B34-4C46-A611-7458A14BB656}.Release|Any CPU.ActiveCfg = Release|Any CPU
		{9B462E08-9B34-4C46-A611-7458A14BB656}.Release|Any CPU.Build.0 = Release|Any CPU
		{30B01CA0-6AEE-485D-9E9D-8EA0B66538ED}.Debug|Any CPU.ActiveCfg = Debug|Any CPU
		{30B01CA0-6AEE-485D-9E9D-8EA0B66538ED}.Debug|Any CPU.Build.0 = Debug|Any CPU
		{30B01CA0-6AEE-485D-9E9D-8EA0B66538ED}.Release|Any CPU.ActiveCfg = Release|Any CPU
		{30B01CA0-6AEE-485D-9E9D-8EA0B66538ED}.Release|Any CPU.Build.0 = Release|Any CPU
		{FE9500ED-538A-4684-8399-7F5A279D03D1}.Debug|Any CPU.ActiveCfg = Debug|Any CPU
		{FE9500ED-538A-4684-8399-7F5A279D03D1}.Debug|Any CPU.Build.0 = Debug|Any CPU
		{FE9500ED-538A-4684-8399-7F5A279D03D1}.Release|Any CPU.ActiveCfg = Release|Any CPU
		{FE9500ED-538A-4684-8399-7F5A279D03D1}.Release|Any CPU.Build.0 = Release|Any CPU
		{F59EABC0-9EBC-4030-904F-C03D6D16D6DE}.Debug|Any CPU.ActiveCfg = Debug|Any CPU
		{F59EABC0-9EBC-4030-904F-C03D6D16D6DE}.Debug|Any CPU.Build.0 = Debug|Any CPU
		{F59EABC0-9EBC-4030-904F-C03D6D16D6DE}.Release|Any CPU.ActiveCfg = Release|Any CPU
		{F59EABC0-9EBC-4030-904F-C03D6D16D6DE}.Release|Any CPU.Build.0 = Release|Any CPU
		{0B539B7E-7C60-489F-8249-C4C21A701CA2}.Debug|Any CPU.ActiveCfg = Debug|Any CPU
		{0B539B7E-7C60-489F-8249-C4C21A701CA2}.Debug|Any CPU.Build.0 = Debug|Any CPU
		{0B539B7E-7C60-489F-8249-C4C21A701CA2}.Release|Any CPU.ActiveCfg = Release|Any CPU
		{0B539B7E-7C60-489F-8249-C4C21A701CA2}.Release|Any CPU.Build.0 = Release|Any CPU
		{0B2119C1-1CF6-4E95-AEF5-D0450BC02A26}.Debug|Any CPU.ActiveCfg = Debug|Any CPU
		{0B2119C1-1CF6-4E95-AEF5-D0450BC02A26}.Debug|Any CPU.Build.0 = Debug|Any CPU
		{0B2119C1-1CF6-4E95-AEF5-D0450BC02A26}.Release|Any CPU.ActiveCfg = Release|Any CPU
		{0B2119C1-1CF6-4E95-AEF5-D0450BC02A26}.Release|Any CPU.Build.0 = Release|Any CPU
		{9A0E98BD-3A10-41A2-8897-DCE8A287985F}.Debug|Any CPU.ActiveCfg = Debug|Any CPU
		{9A0E98BD-3A10-41A2-8897-DCE8A287985F}.Debug|Any CPU.Build.0 = Debug|Any CPU
		{9A0E98BD-3A10-41A2-8897-DCE8A287985F}.Release|Any CPU.ActiveCfg = Release|Any CPU
		{9A0E98BD-3A10-41A2-8897-DCE8A287985F}.Release|Any CPU.Build.0 = Release|Any CPU
		{28E246D8-7DDA-4531-A9B1-B6D2241F88B0}.Debug|Any CPU.ActiveCfg = Debug|Any CPU
		{28E246D8-7DDA-4531-A9B1-B6D2241F88B0}.Debug|Any CPU.Build.0 = Debug|Any CPU
		{28E246D8-7DDA-4531-A9B1-B6D2241F88B0}.Release|Any CPU.ActiveCfg = Release|Any CPU
		{28E246D8-7DDA-4531-A9B1-B6D2241F88B0}.Release|Any CPU.Build.0 = Release|Any CPU
		{7C32D513-87B4-42AB-A6F3-0E2F3DD0493F}.Debug|Any CPU.ActiveCfg = Debug|Any CPU
		{7C32D513-87B4-42AB-A6F3-0E2F3DD0493F}.Debug|Any CPU.Build.0 = Debug|Any CPU
		{7C32D513-87B4-42AB-A6F3-0E2F3DD0493F}.Release|Any CPU.ActiveCfg = Release|Any CPU
		{7C32D513-87B4-42AB-A6F3-0E2F3DD0493F}.Release|Any CPU.Build.0 = Release|Any CPU
	EndGlobalSection
	GlobalSection(NestedProjects) = preSolution
		{FE9500ED-538A-4684-8399-7F5A279D03D1} = {BC03637D-25F2-45DF-994D-A2B98BDBBEDE}
		{0B2119C1-1CF6-4E95-AEF5-D0450BC02A26} = {BC03637D-25F2-45DF-994D-A2B98BDBBEDE}
		{9A0E98BD-3A10-41A2-8897-DCE8A287985F} = {BC03637D-25F2-45DF-994D-A2B98BDBBEDE}
		{7C32D513-87B4-42AB-A6F3-0E2F3DD0493F} = {BC03637D-25F2-45DF-994D-A2B98BDBBEDE}
	EndGlobalSection
EndGlobal
